
Microsoft Visual Studio Solution File, Format Version 12.00
# Visual Studio Version 16
VisualStudioVersion = 16.0.30330.147
MinimumVisualStudioVersion = 10.0.40219.1
Project("{FAE04EC0-301F-11D3-BF4B-00C04F79EFBC}") = "DockerTemplateCS1test", "DockerTemplateCS1test\DockerTemplateCS1test.csproj", "{8D1C7011-FF0F-404E-B164-BAE2C62E60AA}"
EndProject
Global
	GlobalSection(SolutionConfigurationPlatforms) = preSolution
		2020 Debug|Any CPU = 2020 Debug|Any CPU
		2020 Release|Any CPU = 2020 Release|Any CPU
		Debug|Any CPU = Debug|Any CPU
	EndGlobalSection
	GlobalSection(ProjectConfigurationPlatforms) = postSolution
		{8D1C7011-FF0F-404E-B164-BAE2C62E60AA}.2020 Debug|Any CPU.ActiveCfg = 2020 Debug|Any CPU
		{8D1C7011-FF0F-404E-B164-BAE2C62E60AA}.2020 Debug|Any CPU.Build.0 = 2020 Debug|Any CPU
		{8D1C7011-FF0F-404E-B164-BAE2C62E60AA}.2020 Release|Any CPU.ActiveCfg = 2020 Release|Any CPU
		{8D1C7011-FF0F-404E-B164-BAE2C62E60AA}.2020 Release|Any CPU.Build.0 = 2020 Release|Any CPU
		{8D1C7011-FF0F-404E-B164-BAE2C62E60AA}.Debug|Any CPU.ActiveCfg = Debug|Any CPU
		{8D1C7011-FF0F-404E-B164-BAE2C62E60AA}.Debug|Any CPU.Build.0 = Debug|Any CPU
	EndGlobalSection
	GlobalSection(SolutionProperties) = preSolution
		HideSolutionNode = FALSE
	EndGlobalSection
	GlobalSection(ExtensibilityGlobals) = postSolution
		SolutionGuid = {84299358-CADA-4D78-B402-2DF570DA4F02}
	EndGlobalSection
EndGlobal
